# This file was autogenerated by Stack.
# You should not edit this file by hand.
# For more information, please see the documentation at:
#   https://docs.haskellstack.org/en/stable/lock_files

packages:
- completed:
    hackage: aeson-1.2.4.0@sha256:2ff56812644c3e272fef6b19aaff1ddab81c9984b1c1f8969521cb856bc22eab,6541
    pantry-tree:
      size: 39725
      sha256: 0c836bc76bbba36ca3edead2c8197b0ad2dfe590f18ff4d25642e1039f2ab2b7
  original:
    hackage: aeson-1.2.4.0
- completed:
    hackage: multiset-0.3.4.1@sha256:94cd2386e2bb2aab88634c6da356456e6f277604eef33602b841c0a4eedfb6b5,1242
    pantry-tree:
      size: 430
      sha256: 60e2acb277ea7f21c8833e22d10f212a39d25a72afe3859abf785629c349b29a
  original:
    hackage: multiset-0.3.4.1
- completed:
    hackage: base-compat-0.9.3@sha256:66691ca16b7ceb8c38bd2bac6ffe8e0eee25f408020cb8150a0444f8824e7458,4508
    pantry-tree:
      size: 4363
      sha256: f84476f8e203dc456200c11d18ded408d61fdfdd52833c117106dd776432eb7a
  original:
    hackage: base-compat-0.9.3
snapshots:
- completed:
    size: 499193
    url: https://raw.githubusercontent.com/commercialhaskell/stackage-snapshots/master/lts/12/1.yaml
    sha256: 2f67d2e2b2f7926260afa0adb908e24a7df2eed14804d6602fa17a5b5de97f61
  original: lts-12.1
